%{
  "certifi": {:hex, :certifi, "1.0.0", "1c787a85b1855ba354f0b8920392c19aa1d06b0ee1362f9141279620a5be2039", [:rebar3], [], "hexpm", "44a5aa4261490a7d7fa6909ab4bcf14bff928a4fef49e80fc1e7a8fdb7b45f79"},
  "chacha20": {:hex, :chacha20, "0.3.6", "6cef6d6cea44351c6009576ed4a78791e3df818ce511e92aa6be8ca058516edf", [:mix], [], "hexpm", "40bc6b1f4816661c07a3244d46d74640f108f69eb61f96d2dd22dcba0e7fca38"},
  "curve25519": {:hex, :curve25519, "0.1.4", "819382affdc8d6c87567cec071fedb91d94ba81581f51413809e8cb945527988", [:mix], [], "hexpm", "3460590592da61d5d0c309e2ec469290963129bfb6ee6e5f692ae8e0334161b3"},
  "discord_ex": {:hex, :discord_ex, "1.1.18", "bd644d99cc1f884b3ca1599078195352ebfc26cacd9908e046603bf3332c73d9", [:mix], [{:dns, "~> 0.0.3", [hex: :dns, repo: "hexpm", optional: false]}, {:httpoison, "~> 0.9.0", [hex: :httpoison, repo: "hexpm", optional: false]}, {:kcl, "~> 0.6.3", [hex: :kcl, repo: "hexpm", optional: false]}, {:poison, "~> 2.0", [hex: :poison, repo: "hexpm", optional: false]}, {:poly1305, "~> 0.4.2", [hex: :poly1305, repo: "hexpm", optional: false]}, {:porcelain, "~> 2.0.1", [hex: :porcelain, repo: "hexpm", optional: false]}, {:socket, "~> 0.3.5", [hex: :socket, repo: "hexpm", optional: false]}, {:temp, "~> 0.4", [hex: :temp, repo: "hexpm", optional: false]}, {:websocket_client, "~> 1.2.4", [hex: :websocket_client, repo: "hexpm", optional: false]}], "hexpm", "1ba24a0e9a25c82214a404073805614256f749f54c5295ea2d84c5e561d16298"},
  "dns": {:hex, :dns, "0.0.4", "2e347a0a03e8345bc70c6d69ed08788103a3bec81b93e4636b1b432110835436", [:mix], [{:socket, "~> 0.3.5", [hex: :socket, repo: "hexpm", optional: false]}], "hexpm", "c5278e4edc364b76f0bb551b4cc1b9bfe1230e7e542a7359ce5137bff2861eb9"},
  "earmark_parser": {:hex, :earmark_parser, "1.4.10", "6603d7a603b9c18d3d20db69921527f82ef09990885ed7525003c7fe7dc86c56", [:mix], [], "hexpm", "8e2d5370b732385db2c9b22215c3f59c84ac7dda7ed7e544d7c459496ae519c0"},
  "ed25519": {:hex, :ed25519, "0.2.5", "13577a6ff5035468ffb63ac1b0a249020d78b1d771a6ec221d476a87144acc4d", [:mix], [], "hexpm", "87233bfc85d0be366eddf870b6c021396fa34bdc48472aa8582b7333d1459147"},
  "equivalex": {:hex, :equivalex, "0.1.4", "3c6e00c47c6cbac63872e69eb2204ba71e0818afd9d0875a97389f7ff24f5ec8", [:mix], [], "hexpm", "e63af7625d18d1be6cb88aaeef5046be6c0b3d7aa8e735a51203ed17076be8ba"},
  "ex_doc": {:hex, :ex_doc, "0.22.2", "03a2a58bdd2ba0d83d004507c4ee113b9c521956938298eba16e55cc4aba4a6c", [:mix], [{:earmark_parser, "~> 1.4.0", [hex: :earmark_parser, repo: "hexpm", optional: false]}, {:makeup_elixir, "~> 0.14", [hex: :makeup_elixir, repo: "hexpm", optional: false]}], "hexpm", "cf60e1b3e2efe317095b6bb79651f83a2c1b3edcb4d319c421d7fcda8b3aff26"},
  "hackney": {:hex, :hackney, "1.6.6", "5564b4695d48fd87859e9df77a7fa4b4d284d24519f0cd7cc898f09e8fbdc8a3", [:rebar3], [{:certifi, "1.0.0", [hex: :certifi, repo: "hexpm", optional: false]}, {:idna, "4.0.0", [hex: :idna, repo: "hexpm", optional: false]}, {:metrics, "1.0.1", [hex: :metrics, repo: "hexpm", optional: false]}, {:mimerl, "1.0.2", [hex: :mimerl, repo: "hexpm", optional: false]}, {:ssl_verify_fun, "1.1.1", [hex: :ssl_verify_fun, repo: "hexpm", optional: false]}], "hexpm", "6c8293db002ecd6f6126f1048fe6c11f89404f8b2fcdd43343e2a7267db87d7b"},
  "httpoison": {:hex, :httpoison, "0.9.2", "a211a8e87403a043c41218e64df250d321f236ac57f786c6a0ccf3e9e817c819", [:mix], [{:hackney, "~> 1.6.0", [hex: :hackney, repo: "hexpm", optional: false]}], "hexpm", "edccf20b43da7dabd2f9f2776edc9e18280c0655b2218f4b823900d0d622cbdc"},
  "idna": {:hex, :idna, "4.0.0", "10aaa9f79d0b12cf0def53038547855b91144f1bfcc0ec73494f38bb7b9c4961", [:rebar3], [], "hexpm", "f1b699f7275728538da7b5e35679f9e0f41ad8e0a49896e6a27b61867ed344eb"},
  "kcl": {:hex, :kcl, "0.6.6", "156de704ac2e118d9617a56a4703831cad57a1f70cbf3ecbab4cd2dd2f395037", [:mix], [{:curve25519, "~> 0.1", [hex: :curve25519, repo: "hexpm", optional: false]}, {:ed25519, "~> 0.2", [hex: :ed25519, repo: "hexpm", optional: false]}, {:poly1305, "~> 0.4", [hex: :poly1305, repo: "hexpm", optional: false]}, {:salsa20, "~> 0.3", [hex: :salsa20, repo: "hexpm", optional: false]}], "hexpm", "4470b99394dc32ea015e586e66a031e4df1ab8ad8329b49b8ca79c41711c3c16"},
  "makeup": {:hex, :makeup, "1.0.3", "e339e2f766d12e7260e6672dd4047405963c5ec99661abdc432e6ec67d29ef95", [:mix], [{:nimble_parsec, "~> 0.5", [hex: :nimble_parsec, repo: "hexpm", optional: false]}], "hexpm", "2e9b4996d11832947731f7608fed7ad2f9443011b3b479ae288011265cdd3dad"},
  "makeup_elixir": {:hex, :makeup_elixir, "0.14.1", "4f0e96847c63c17841d42c08107405a005a2680eb9c7ccadfd757bd31dabccfb", [:mix], [{:makeup, "~> 1.0", [hex: :makeup, repo: "hexpm", optional: false]}], "hexpm", "f2438b1a80eaec9ede832b5c41cd4f373b38fd7aa33e3b22d9db79e640cbde11"},
  "metrics": {:hex, :metrics, "1.0.1", "25f094dea2cda98213cecc3aeff09e940299d950904393b2a29d191c346a8486", [:rebar3], [], "hexpm", "69b09adddc4f74a40716ae54d140f93beb0fb8978d8636eaded0c31b6f099f16"},
  "mimerl": {:hex, :mimerl, "1.0.2", "993f9b0e084083405ed8252b99460c4f0563e41729ab42d9074fd5e52439be88", [:rebar3], [], "hexpm", "7a4c8e1115a2732a67d7624e28cf6c9f30c66711a9e92928e745c255887ba465"},
  "nimble_parsec": {:hex, :nimble_parsec, "0.6.0", "32111b3bf39137144abd7ba1cce0914533b2d16ef35e8abc5ec8be6122944263", [:mix], [], "hexpm", "27eac315a94909d4dc68bc07a4a83e06c8379237c5ea528a9acff4ca1c873c52"},
  "poison": {:hex, :poison, "2.2.0", "4763b69a8a77bd77d26f477d196428b741261a761257ff1cf92753a0d4d24a63", [:mix], [], "hexpm", "519bc209e4433961284174c497c8524c001e285b79bdf80212b47a1f898084cc"},
  "poly1305": {:hex, :poly1305, "0.4.5", "239d19597af369e2b570aed7f2a05e1a999a0a372774b28bcf387f47bd7958d4", [:mix], [{:chacha20, "~> 0.3", [hex: :chacha20, repo: "hexpm", optional: false]}, {:equivalex, "~> 0.1", [hex: :equivalex, repo: "hexpm", optional: false]}], "hexpm", "2a24b02a57d56c2b459f1d6265391843a6f3591137db7400d32b7ea26b9e3ef1"},
  "porcelain": {:hex, :porcelain, "2.0.3", "2d77b17d1f21fed875b8c5ecba72a01533db2013bd2e5e62c6d286c029150fdc", [:mix], [], "hexpm", "dc996ab8fadbc09912c787c7ab8673065e50ea1a6245177b0c24569013d23620"},
  "salsa20": {:hex, :salsa20, "0.3.4", "d2ca110888879eccef9d69241bbf9a3260cdfeda3f71236cbc30b03dfe5433b9", [:mix], [], "hexpm", "b6bd54042e4fc419d9b7956d2d1c0a730dc3c549d847842c0ac3553be8ebedf0"},
  "socket": {:hex, :socket, "0.3.13", "98a2ab20ce17f95fb512c5cadddba32b57273e0d2dba2d2e5f976c5969d0c632", [:mix], [], "hexpm", "f82ea9833ef49dde272e6568ab8aac657a636acb4cf44a7de8a935acb8957c2e"},
  "ssl_verify_fun": {:hex, :ssl_verify_fun, "1.1.1", "28a4d65b7f59893bc2c7de786dec1e1555bd742d336043fe644ae956c3497fbe", [:make, :rebar], [], "hexpm", "4f8805eb5c8a939cf2359367cb651a3180b27dfb48444846be2613d79355d65e"},
  "temp": {:hex, :temp, "0.4.7", "2c78482cc2294020a4bc0c95950b907ff386523367d4e63308a252feffbea9f2", [:mix], [], "hexpm", "6af19e7d6a85a427478be1021574d1ae2a1e1b90882586f06bde76c63cd03e0d"},
  "websocket_client": {:hex, :websocket_client, "1.2.4", "14ec1ca4b6d247b44ccd9a80af8f6ca98328070f6c1d52a5cb00bc9d939d63b8", [:rebar3], [], "hexpm", "295a79cce15c208e03a545073f1318e97e7780aa9f2415e825cb9e338aecc305"},
}
